{
  "name": "test",
  "lockfileVersion": 3,
  "requires": true,
  "packages": {
    "": {
      "dependencies": {
        "pareto-core-dev": "^0.12.7",
        "pareto-host-nodejs": "^0.2.16",
        "pub": "file:../pub"
      }
    },
    "../pub": {
      "name": "pareto-core-shorthands",
      "version": "0.2.17",
      "license": "ISC",
      "dependencies": {
        "pareto-core": "^0.1.30"
      }
    },
    "node_modules/astn-core": {
      "version": "0.5.17",
      "resolved": "https://registry.npmjs.org/astn-core/-/astn-core-0.5.17.tgz",
      "integrity": "sha512-NXnQtCj8tFAgMZmPJTeffjX2/XjatqQgMZetve0yndlpgB7EvNICH4wBLKdUV8uC5HnR/5R5M6PKWc4xDRlDbw==",
      "license": "Apache-2.0",
      "dependencies": {
        "pareto-fountain-pen": "^0.4.13"
      }
    },
    "node_modules/pareto-core": {
      "version": "0.1.30",
      "resolved": "https://registry.npmjs.org/pareto-core/-/pareto-core-0.1.30.tgz",
      "integrity": "sha512-6O0pQYDbUC7UJcZ4gi9sw3y7mHs8yFz7vkW0+GzMr6QpckFoVW3ih/OITbC8IV4DHoANyHGw/KpHmtlxFA5Vow==",
      "license": "ISC"
    },
    "node_modules/pareto-core-dev": {
      "version": "0.12.7",
      "resolved": "https://registry.npmjs.org/pareto-core-dev/-/pareto-core-dev-0.12.7.tgz",
      "integrity": "sha512-NOyVgPhJIuJpLkX2QcsUVETslAzjzOrBJAxMHoGZnq3mvlr0WjkZ5fExa0x7i1ntb93yYKAAVLtrQK/I9rJy8w==",
      "license": "ISC",
      "dependencies": {
        "pareto-core": "^0.1.30"
      }
    },
    "node_modules/pareto-core-shorthands": {
      "version": "0.2.17",
      "resolved": "https://registry.npmjs.org/pareto-core-shorthands/-/pareto-core-shorthands-0.2.17.tgz",
      "integrity": "sha512-5j6bCRoTEzDHEWPBMnITA5Qf2qxNizhe5WjDLwbZrYK/OYIvJsYVZIUx/8kIUnBMNg8nk50cP4jOleEGZmKLPg==",
      "license": "ISC",
      "dependencies": {
        "pareto-core": "^0.1.25"
      }
    },
    "node_modules/pareto-fountain-pen": {
      "version": "0.4.15",
      "resolved": "https://registry.npmjs.org/pareto-fountain-pen/-/pareto-fountain-pen-0.4.15.tgz",
      "integrity": "sha512-sDFiJzTPSIDd6N5zmr+uZ51+fYQresN/PQOYM0UDid5d9je3LYSFaYEh5eJ4AgZ0HJJ8bMrj1aIJ+UTyke2nRQ==",
      "license": "Apache-2.0",
      "dependencies": {
        "pareto-core": "^0.1.29",
        "pareto-core-shorthands": "^0.2.17"
      },
      "engines": {
        "node": ">=14.0.0"
      }
    },
    "node_modules/pareto-host-nodejs": {
      "version": "0.2.16",
      "resolved": "https://registry.npmjs.org/pareto-host-nodejs/-/pareto-host-nodejs-0.2.16.tgz",
      "integrity": "sha512-n+VpZwPHoSCeby1r+UaD+3pmDbzeRyCNlEylK1iKZ8nXjkAGO3Itq80DL2wy/QAAVMOyQFOKfpKlC9iO2b/lmw==",
      "license": "ISC",
      "dependencies": {
        "pareto-resources": "^0.2.20"
      }
    },
    "node_modules/pareto-resources": {
      "version": "0.2.22",
      "resolved": "https://registry.npmjs.org/pareto-resources/-/pareto-resources-0.2.22.tgz",
      "integrity": "sha512-hbwgiHAmSTWrNE1GJ2TPDGpAA484BwfU9qYJFphwVP/ZpIUdooXIkDg/jyulEU7feMziajRInOBpiKLu8N48HA==",
      "dependencies": {
        "astn-core": "^0.5.16",
        "pareto-fountain-pen": "^0.4.11"
      }
    },
    "node_modules/pub": {
      "resolved": "../pub",
      "link": true
    }
  }
}
