{
  "name": "pareto-core-shorthands",
  "version": "0.2.62",
  "lockfileVersion": 3,
  "requires": true,
  "packages": {
    "": {
      "name": "pareto-core-shorthands",
      "version": "0.2.62",
      "license": "Apache-2.0",
      "dependencies": {
        "pareto-core": "^0.1.0"
      }
    },
    "node_modules/pareto-core": {
      "version": "0.1.301",
      "resolved": "https://registry.npmjs.org/pareto-core/-/pareto-core-0.1.301.tgz",
      "integrity": "sha512-+5h6J7Tr4y9kF5pAcmPsKWKBQo0NBBe824nl8czK/od8lmt8rgu8Z10styk2WPRL6cyoVPwV3T++TpmMua9QRA==",
      "license": "Apache-2.0"
    }
  }
}
