{
  "name": "pareto-core-shorthands",
  "version": "0.2.61",
  "lockfileVersion": 3,
  "requires": true,
  "packages": {
    "": {
      "name": "pareto-core-shorthands",
      "version": "0.2.61",
      "license": "Apache-2.0",
      "dependencies": {
        "pareto-core": "^0.1.0"
      }
    },
    "node_modules/pareto-core": {
      "version": "0.1.273",
      "resolved": "https://registry.npmjs.org/pareto-core/-/pareto-core-0.1.273.tgz",
      "integrity": "sha512-WLTjxbRKEbGZfI3jhIMoXdIReWEvfVG6gY7ehIvF+YmTjhPLNs6MUdsuo/9fPKgFWx3WwqIZ33xLNsQMeQ8DaA==",
      "license": "Apache-2.0"
    }
  }
}
