{
  "name": "pareto-core-shorthands",
  "version": "0.2.61",
  "lockfileVersion": 3,
  "requires": true,
  "packages": {
    "": {
      "name": "pareto-core-shorthands",
      "version": "0.2.61",
      "license": "Apache-2.0",
      "dependencies": {
        "pareto-core": "^0.1.0"
      }
    },
    "node_modules/pareto-core": {
      "version": "0.1.285",
      "resolved": "https://registry.npmjs.org/pareto-core/-/pareto-core-0.1.285.tgz",
      "integrity": "sha512-fjn0jUX54it5wnmIvptHiu4sNSb5wWhi4FIwb4Ybr3Fk7mqx5TZFDWaCtEDW/HhW+uZ/oiyxnMQ/K+ZmVCXGpg==",
      "license": "Apache-2.0"
    }
  }
}
