{
  "name": "pareto-core-shorthands",
  "version": "0.1.3",
  "lockfileVersion": 3,
  "requires": true,
  "packages": {
    "": {
      "name": "pareto-core-shorthands",
      "version": "0.1.3",
      "license": "ISC",
      "dependencies": {
        "pareto-core-internals": "^0.24.9"
      }
    },
    "node_modules/pareto-core-interface": {
      "version": "0.1.4",
      "resolved": "https://registry.npmjs.org/pareto-core-interface/-/pareto-core-interface-0.1.4.tgz",
      "integrity": "sha512-vRU/KAB4l5ZSK82MtTEQVL/XTYFmSraQH2CbWN0GMxnTVCA8Vmlr7E9hXwnALmy70LZ6ZHn2GpnaHoZ10gWq+g==",
      "license": "Apache-2.0"
    },
    "node_modules/pareto-core-internals": {
      "version": "0.24.9",
      "resolved": "https://registry.npmjs.org/pareto-core-internals/-/pareto-core-internals-0.24.9.tgz",
      "integrity": "sha512-eKhjUz2bPR8ox0JhrQvXiSrOQlEmdQ3oSnXw8OJvLVnL/jALYkA1puECLCxoSuzn+a6f8jXRbZxyHKFjtjE9Og==",
      "license": "ISC",
      "dependencies": {
        "pareto-core-interface": "^0.1.4"
      }
    }
  }
}
