{
  "name": "pareto-core-shorthands",
  "version": "0.2.19",
  "lockfileVersion": 3,
  "requires": true,
  "packages": {
    "": {
      "name": "pareto-core-shorthands",
      "version": "0.2.19",
      "license": "ISC",
      "dependencies": {
        "pareto-core": "^0.1.39"
      }
    },
    "node_modules/pareto-core": {
      "version": "0.1.39",
      "resolved": "https://registry.npmjs.org/pareto-core/-/pareto-core-0.1.39.tgz",
      "integrity": "sha512-WpWlnBn29gteMAdiojYqPYMWVqvf3InJcSyxJfJLnXzq7ISUEltBzFc51O0rRRoMO/81IR2bW9UJNqdXYlJvCg==",
      "license": "ISC"
    }
  }
}
