{
  "name": "pareto-core-shorthands",
  "version": "0.1.13",
  "lockfileVersion": 3,
  "requires": true,
  "packages": {
    "": {
      "name": "pareto-core-shorthands",
      "version": "0.1.13",
      "license": "ISC",
      "dependencies": {
        "pareto-core-internals": "^0.24.44"
      }
    },
    "node_modules/pareto-core-interface": {
      "version": "0.1.32",
      "resolved": "https://registry.npmjs.org/pareto-core-interface/-/pareto-core-interface-0.1.32.tgz",
      "integrity": "sha512-OxqXw1clc8jBwroypVfMuJXCuHa8/kLCN3OtU89z0U//iTSrI3Nu4c5tg8bs0A/24V9xNkKLQkqEcztoMpRSbg==",
      "license": "Apache-2.0"
    },
    "node_modules/pareto-core-internals": {
      "version": "0.24.44",
      "resolved": "https://registry.npmjs.org/pareto-core-internals/-/pareto-core-internals-0.24.44.tgz",
      "integrity": "sha512-g5LzsanJn0O7YrVHs92YNZ8vDlEcS3mQ4oAPYRvw+Pxtl+S62szZ+ycgpCGN+C49n0aUogrO+ML9W0Qo75RFlA==",
      "license": "ISC",
      "dependencies": {
        "pareto-core-interface": "^0.1.31"
      }
    }
  }
}
